
Microsoft Visual Studio Solution File, Format Version 12.00
# Visual Studio Version 17
VisualStudioVersion = 17.11.35222.181
MinimumVisualStudioVersion = 10.0.40219.1
Project("{FAE04EC0-301F-11D3-BF4B-00C04F79EFBC}") = "6T25_LoukaConstant_ExosSupp", "6T25_LoukaConstant_ExosSupp.csproj", "{7804FF77-497B-48D3-B037-25BC578BC4ED}"
EndProject
Global
	GlobalSection(SolutionConfigurationPlatforms) = preSolution
		Debug|Any CPU = Debug|Any CPU
		Release|Any CPU = Release|Any CPU
	EndGlobalSection
	GlobalSection(ProjectConfigurationPlatforms) = postSolution
		{7804FF77-497B-48D3-B037-25BC578BC4ED}.Debug|Any CPU.ActiveCfg = Debug|Any CPU
		{7804FF77-497B-48D3-B037-25BC578BC4ED}.Debug|Any CPU.Build.0 = Debug|Any CPU
		{7804FF77-497B-48D3-B037-25BC578BC4ED}.Release|Any CPU.ActiveCfg = Release|Any CPU
		{7804FF77-497B-48D3-B037-25BC578BC4ED}.Release|Any CPU.Build.0 = Release|Any CPU
	EndGlobalSection
	GlobalSection(SolutionProperties) = preSolution
		HideSolutionNode = FALSE
	EndGlobalSection
	GlobalSection(ExtensibilityGlobals) = postSolution
		SolutionGuid = {650513C1-46A3-4C0D-93AF-E83DF3A49CA3}
	EndGlobalSection
EndGlobal
